
Microsoft Visual Studio Solution File, Format Version 12.00
# Visual Studio Version 17
VisualStudioVersion = 17.0.32126.317
MinimumVisualStudioVersion = 10.0.40219.1
Project("{FAE04EC0-301F-11D3-BF4B-00C04F79EFBC}") = "KorshunovNP3", "KorshunovNP3\KorshunovNP3.csproj", "{736F9E35-77A6-4CC8-85AB-873345AEE6F5}"
EndProject
Global
	GlobalSection(SolutionConfigurationPlatforms) = preSolution
		Debug|Any CPU = Debug|Any CPU
		Release|Any CPU = Release|Any CPU
	EndGlobalSection
	GlobalSection(ProjectConfigurationPlatforms) = postSolution
		{736F9E35-77A6-4CC8-85AB-873345AEE6F5}.Debug|Any CPU.ActiveCfg = Debug|Any CPU
		{736F9E35-77A6-4CC8-85AB-873345AEE6F5}.Debug|Any CPU.Build.0 = Debug|Any CPU
		{736F9E35-77A6-4CC8-85AB-873345AEE6F5}.Release|Any CPU.ActiveCfg = Release|Any CPU
		{736F9E35-77A6-4CC8-85AB-873345AEE6F5}.Release|Any CPU.Build.0 = Release|Any CPU
	EndGlobalSection
	GlobalSection(SolutionProperties) = preSolution
		HideSolutionNode = FALSE
	EndGlobalSection
	GlobalSection(ExtensibilityGlobals) = postSolution
		SolutionGuid = {8BD2C8A1-A6F2-4292-A15C-A687D08F1DA9}
	EndGlobalSection
EndGlobal
